
Microsoft Visual Studio Solution File, Format Version 11.00
# Visual Studio 2010
Project("{FAE04EC0-301F-11D3-BF4B-00C04F79EFBC}") = "Assembly-CSharp-firstpass", "Assembly-CSharp-firstpass.csproj", "{45f2cd9d-2065-9a01-108a-66b800031095}"
EndProject
Project("{FAE04EC0-301F-11D3-BF4B-00C04F79EFBC}") = "Assembly-CSharp", "Assembly-CSharp.csproj", "{65a0ca53-20c2-b697-4cc9-46d23ef96d80}"
EndProject
Global
	GlobalSection(SolutionConfigurationPlatforms) = preSolution
		Debug|Any CPU = Debug|Any CPU
	EndGlobalSection
	GlobalSection(ProjectConfigurationPlatforms) = postSolution
		{45f2cd9d-2065-9a01-108a-66b800031095}.Debug|Any CPU.ActiveCfg = Debug|Any CPU
		{45f2cd9d-2065-9a01-108a-66b800031095}.Debug|Any CPU.Build.0 = Debug|Any CPU
		{65a0ca53-20c2-b697-4cc9-46d23ef96d80}.Debug|Any CPU.ActiveCfg = Debug|Any CPU
		{65a0ca53-20c2-b697-4cc9-46d23ef96d80}.Debug|Any CPU.Build.0 = Debug|Any CPU
	EndGlobalSection
	GlobalSection(SolutionProperties) = preSolution
		HideSolutionNode = FALSE
	EndGlobalSection
EndGlobal
